
Microsoft Visual Studio Solution File, Format Version 12.00
# Visual Studio Version 16
VisualStudioVersion = 16.0.31613.86
MinimumVisualStudioVersion = 10.0.40219.1
Project("{FAE04EC0-301F-11D3-BF4B-00C04F79EFBC}") = "Artech_API_370", "Artech_API_370\Artech_API_370.csproj", "{2462D8AC-B276-457A-A2AB-E5C75082E3AF}"
EndProject
Global
	GlobalSection(SolutionConfigurationPlatforms) = preSolution
		Debug|Any CPU = Debug|Any CPU
		Release|Any CPU = Release|Any CPU
	EndGlobalSection
	GlobalSection(ProjectConfigurationPlatforms) = postSolution
		{2462D8AC-B276-457A-A2AB-E5C75082E3AF}.Debug|Any CPU.ActiveCfg = Debug|Any CPU
		{2462D8AC-B276-457A-A2AB-E5C75082E3AF}.Debug|Any CPU.Build.0 = Debug|Any CPU
		{2462D8AC-B276-457A-A2AB-E5C75082E3AF}.Release|Any CPU.ActiveCfg = Release|Any CPU
		{2462D8AC-B276-457A-A2AB-E5C75082E3AF}.Release|Any CPU.Build.0 = Release|Any CPU
	EndGlobalSection
	GlobalSection(SolutionProperties) = preSolution
		HideSolutionNode = FALSE
	EndGlobalSection
	GlobalSection(ExtensibilityGlobals) = postSolution
		SolutionGuid = {55270F62-19A7-47F8-81DC-5C754C2A7ECF}
	EndGlobalSection
EndGlobal
